// !$*UTF8*$!
{
	archiveVersion = 1;
	classes = {
	};
	objectVersion = 48;
	objects = {

/* Begin PBXBuildFile section */
		7AAD4F5020AA621D0019733D /* AppDelegate.swift in Sources */ = {isa = PBXBuildFile; fileRef = 7AAD4F4F20AA621D0019733D /* AppDelegate.swift */; };
		7AAD4F5220AA621D0019733D /* ViewController.swift in Sources */ = {isa = PBXBuildFile; fileRef = 7AAD4F5120AA621D0019733D /* ViewController.swift */; };
		7AAD4F5520AA621D0019733D /* Main.storyboard in Resources */ = {isa = PBXBuildFile; fileRef = 7AAD4F5320AA621D0019733D /* Main.storyboard */; };
		7AAD4F5720AA621D0019733D /* Assets.xcassets in Resources */ = {isa = PBXBuildFile; fileRef = 7AAD4F5620AA621D0019733D /* Assets.xcassets */; };
		7AAD4F5A20AA621E0019733D /* LaunchScreen.storyboard in Resources */ = {isa = PBXBuildFile; fileRef = 7AAD4F5820AA621E0019733D /* LaunchScreen.storyboard */; };
		7AAD4F6220AA63A80019733D /* YHSlider.swift in Sources */ = {isa = PBXBuildFile; fileRef = 7AAD4F6120AA63A80019733D /* YHSlider.swift */; };
/* End PBXBuildFile section */

/* Begin PBXFileReference section */
		7AAD4F4C20AA621C0019733D /* YHSlider.app */ = {isa = PBXFileReference; explicitFileType = wrapper.application; includeInIndex = 0; path = YHSlider.app; sourceTree = BUILT_PRODUCTS_DIR; };
		7AAD4F4F20AA621D0019733D /* AppDelegate.swift */ = {isa = PBXFileReference; lastKnownFileType = sourcecode.swift; path = AppDelegate.swift; sourceTree = "<group>"; };
		7AAD4F5120AA621D0019733D /* ViewController.swift */ = {isa = PBXFileReference; lastKnownFileType = sourcecode.swift; path = ViewController.swift; sourceTree = "<group>"; };
		7AAD4F5420AA621D0019733D /* Base */ = {isa = PBXFileReference; lastKnownFileType = file.storyboard; name = Base; path = Base.lproj/Main.storyboard; sourceTree = "<group>"; };
		7AAD4F5620AA621D0019733D /* Assets.xcassets */ = {isa = PBXFileReference; lastKnownFileType = folder.assetcatalog; path = Assets.xcassets; sourceTree = "<group>"; };
		7AAD4F5920AA621E0019733D /* Base */ = {isa = PBXFileReference; lastKnownFileType = file.storyboard; name = Base; path = Base.lproj/LaunchScreen.storyboard; sourceTree = "<group>"; };
		7AAD4F5B20AA621E0019733D /* Info.plist */ = {isa = PBXFileReference; lastKnownFileType = text.plist.xml; path = Info.plist; sourceTree = "<group>"; };
		7AAD4F6120AA63A80019733D /* YHSlider.swift */ = {isa = PBXFileReference; lastKnownFileType = sourcecode.swift; path = YHSlider.swift; sourceTree = "<group>"; };
/* End PBXFileReference section */

/* Begin PBXFrameworksBuildPhase section */
		7AAD4F4920AA621C0019733D /* Frameworks */ = {
			isa = PBXFrameworksBuildPhase;
			buildActionMask = 2147483647;
			files = (
			);
			runOnlyForDeploymentPostprocessing = 0;
		};
/* End PBXFrameworksBuildPhase section */

/* Begin PBXGroup section */
		7AAD4F4320AA621C0019733D = {
			isa = PBXGroup;
			children = (
				7AAD4F4E20AA621C0019733D /* YHSlider */,
				7AAD4F4D20AA621C0019733D /* Products */,
			);
			sourceTree = "<group>";
		};
		7AAD4F4D20AA621C0019733D /* Products */ = {
			isa = PBXGroup;
			children = (
				7AAD4F4C20AA621C0019733D /* YHSlider.app */,
			);
			name = Products;
			sourceTree = "<group>";
		};
		7AAD4F4E20AA621C0019733D /* YHSlider */ = {
			isa = PBXGroup;
			children = (
				7AAD4F4F20AA621D0019733D /* AppDelegate.swift */,
				7AAD4F5120AA621D0019733D /* ViewController.swift */,
				7AAD4F6120AA63A80019733D /* YHSlider.swift */,
				7AAD4F5320AA621D0019733D /* Main.storyboard */,
				7AAD4F5620AA621D0019733D /* Assets.xcassets */,
				7AAD4F5820AA621E0019733D /* LaunchScreen.storyboard */,
				7AAD4F5B20AA621E0019733D /* Info.plist */,
			);
			path = YHSlider;
			sourceTree = "<group>";
		};
/* End PBXGroup section */

/* Begin PBXNativeTarget section */
		7AAD4F4B20AA621C0019733D /* YHSlider */ = {
			isa = PBXNativeTarget;
			buildConfigurationList = 7AAD4F5E20AA621E0019733D /* Build configuration list for PBXNativeTarget "YHSlider" */;
			buildPhases = (
				7AAD4F4820AA621C0019733D /* Sources */,
				7AAD4F4920AA621C0019733D /* Frameworks */,
				7AAD4F4A20AA621C0019733D /* Resources */,
			);
			buildRules = (
			);
			dependencies = (
			);
			name = YHSlider;
			productName = YHSlider;
			productReference = 7AAD4F4C20AA621C0019733D /* YHSlider.app */;
			productType = "com.apple.product-type.application";
		};
/* End PBXNativeTarget section */

/* Begin PBXProject section */
		7AAD4F4420AA621C0019733D /* Project object */ = {
			isa = PBXProject;
			attributes = {
				LastSwiftUpdateCheck = 0900;
				LastUpgradeCheck = 0900;
				ORGANIZATIONNAME = YuHua;
				TargetAttributes = {
					7AAD4F4B20AA621C0019733D = {
						CreatedOnToolsVersion = 9.0;
						ProvisioningStyle = Automatic;
					};
				};
			};
			buildConfigurationList = 7AAD4F4720AA621C0019733D /* Build configuration list for PBXProject "YHSlider" */;
			compatibilityVersion = "Xcode 8.0";
			developmentRegion = en;
			hasScannedForEncodings = 0;
			knownRegions = (
				en,
				Base,
			);
			mainGroup = 7AAD4F4320AA621C0019733D;
			productRefGroup = 7AAD4F4D20AA621C0019733D /* Products */;
			projectDirPath = "";
			projectRoot = "";
			targets = (
				7AAD4F4B20AA621C0019733D /* YHSlider */,
			);
		};
/* End PBXProject section */

/* Begin PBXResourcesBuildPhase section */
		7AAD4F4A20AA621C0019733D /* Resources */ = {
			isa = PBXResourcesBuildPhase;
			buildActionMask = 2147483647;
			files = (
				7AAD4F5A20AA621E0019733D /* LaunchScreen.storyboard in Resources */,
				7AAD4F5720AA621D0019733D /* Assets.xcassets in Resources */,
				7AAD4F5520AA621D0019733D /* Main.storyboard in Resources */,
			);
			runOnlyForDeploymentPostprocessing = 0;
		};
/* End PBXResourcesBuildPhase section */

/* Begin PBXSourcesBuildPhase section */
		7AAD4F4820AA621C0019733D /* Sources */ = {
			isa = PBXSourcesBuildPhase;
			buildActionMask = 2147483647;
			files = (
				7AAD4F5220AA621D0019733D /* ViewController.swift in Sources */,
				7AAD4F5020AA621D0019733D /* AppDelegate.swift in Sources */,
				7AAD4F6220AA63A80019733D /* YHSlider.swift in Sources */,
			);
			runOnlyForDeploymentPostprocessing = 0;
		};
/* End PBXSourcesBuildPhase section */

/* Begin PBXVariantGroup section */
		7AAD4F5320AA621D0019733D /* Main.storyboard */ = {
			isa = PBXVariantGroup;
			children = (
				7AAD4F5420AA621D0019733D /* Base */,
			);
			name = Main.storyboard;
			sourceTree = "<group>";
		};
		7AAD4F5820AA621E0019733D /* LaunchScreen.storyboard */ = {
			isa = PBXVariantGroup;
			children = (
				7AAD4F5920AA621E0019733D /* Base */,
			);
			name = LaunchScreen.storyboard;
			sourceTree = "<group>";
		};
/* End PBXVariantGroup section */

/* Begin XCBuildConfiguration section */
		7AAD4F5C20AA621E0019733D /* Debug */ = {
			isa = XCBuildConfiguration;
			buildSettings = {
				ALWAYS_SEARCH_USER_PATHS = NO;
				CLANG_ANALYZER_NONNULL = YES;
				CLANG_ANALYZER_NUMBER_OBJECT_CONVERSION = YES_AGGRESSIVE;
				CLANG_CXX_LANGUAGE_STANDARD = "gnu++14";
				CLANG_CXX_LIBRARY = "libc++";
				CLANG_ENABLE_MODULES = YES;
				CLANG_ENABLE_OBJC_ARC = YES;
				CLANG_WARN_BLOCK_CAPTURE_AUTORELEASING = YES;
				CLANG_WARN_BOOL_CONVERSION = YES;
				CLANG_WARN_COMMA = YES;
				CLANG_WARN_CONSTANT_CONVERSION = YES;
				CLANG_WARN_DIRECT_OBJC_ISA_USAGE = YES_ERROR;
				CLANG_WARN_DOCUMENTATION_COMMENTS = YES;
				CLANG_WARN_EMPTY_BODY = YES;
				CLANG_WARN_ENUM_CONVERSION = YES;
				CLANG_WARN_INFINITE_RECURSION = YES;
				CLANG_WARN_INT_CONVERSION = YES;
				CLANG_WARN_NON_LITERAL_NULL_CONVERSION = YES;
				CLANG_WARN_OBJC_LITERAL_CONVERSION = YES;
				CLANG_WARN_OBJC_ROOT_CLASS = YES_ERROR;
				CLANG_WARN_RANGE_LOOP_ANALYSIS = YES;
				CLANG_WARN_STRICT_PROTOTYPES = YES;
				CLANG_WARN_SUSPICIOUS_MOVE = YES;
				CLANG_WARN_UNGUARDED_AVAILABILITY = YES_AGGRESSIVE;
				CLANG_WARN_UNREACHABLE_CODE = YES;
				CLANG_WARN__DUPLICATE_METHOD_MATCH = YES;
				CODE_SIGN_IDENTITY = "iPhone Developer";
				COPY_PHASE_STRIP = NO;
				DEBUG_INFORMATION_FORMAT = dwarf;
				ENABLE_STRICT_OBJC_MSGSEND = YES;
				ENABLE_TESTABILITY = YES;
				GCC_C_LANGUAGE_STANDARD = gnu11;
				GCC_DYNAMIC_NO_PIC = NO;
				GCC_NO_COMMON_BLOCKS = YES;
				GCC_OPTIMIZATION_LEVEL = 0;
				GCC_PREPROCESSOR_DEFINITIONS = (
					"DEBUG=1",
					"$(inherited)",
				);
				GCC_WARN_64_TO_32_BIT_CONVERSION = YES;
				GCC_WARN_ABOUT_RETURN_TYPE = YES_ERROR;
				GCC_WARN_UNDECLARED_SELECTOR = YES;
				GCC_WARN_UNINITIALIZED_AUTOS = YES_AGGRESSIVE;
				GCC_WARN_UNUSED_FUNCTION = YES;
				GCC_WARN_UNUSED_VARIABLE = YES;
				IPHONEOS_DEPLOYMENT_TARGET = 11.0;
				MTL_ENABLE_DEBUG_INFO = YES;
				ONLY_ACTIVE_ARCH = YES;
				SDKROOT = iphoneos;
				SWIFT_ACTIVE_COMPILATION_CONDITIONS = DEBUG;
				SWIFT_OPTIMIZATION_LEVEL = "-Onone";
			};
			name = Debug;
		};
		7AAD4F5D20AA621E0019733D /* Release */ = {
			isa = XCBuildConfiguration;
			buildSettings = {
				ALWAYS_SEARCH_USER_PATHS = NO;
				CLANG_ANALYZER_NONNULL = YES;
				CLANG_ANALYZER_NUMBER_OBJECT_CONVERSION = YES_AGGRESSIVE;
				CLANG_CXX_LANGUAGE_STANDARD = "gnu++14";
				CLANG_CXX_LIBRARY = "libc++";
				CLANG_ENABLE_MODULES = YES;
				CLANG_ENABLE_OBJC_ARC = YES;
				CLANG_WARN_BLOCK_CAPTURE_AUTORELEASING = YES;
				CLANG_WARN_BOOL_CONVERSION = YES;
				CLANG_WARN_COMMA = YES;
				CLANG_WARN_CONSTANT_CONVERSION = YES;
				CLANG_WARN_DIRECT_OBJC_ISA_USAGE = YES_ERROR;
				CLANG_WARN_DOCUMENTATION_COMMENTS = YES;
				CLANG_WARN_EMPTY_BODY = YES;
				CLANG_WARN_ENUM_CONVERSION = YES;
				CLANG_WARN_INFINITE_RECURSION = YES;
				CLANG_WARN_INT_CONVERSION = YES;
				CLANG_WARN_NON_LITERAL_NULL_CONVERSION = YES;
				CLANG_WARN_OBJC_LITERAL_CONVERSION = YES;
				CLANG_WARN_OBJC_ROOT_CLASS = YES_ERROR;
				CLANG_WARN_RANGE_LOOP_ANALYSIS = YES;
				CLANG_WARN_STRICT_PROTOTYPES = YES;
				CLANG_WARN_SUSPICIOUS_MOVE = YES;
				CLANG_WARN_UNGUARDED_AVAILABILITY = YES_AGGRESSIVE;
				CLANG_WARN_UNREACHABLE_CODE = YES;
				CLANG_WARN__DUPLICATE_METHOD_MATCH = YES;
				CODE_SIGN_IDENTITY = "iPhone Developer";
				COPY_PHASE_STRIP = NO;
				DEBUG_INFORMATION_FORMAT = "dwarf-with-dsym";
				ENABLE_NS_ASSERTIONS = NO;
				ENABLE_STRICT_OBJC_MSGSEND = YES;
				GCC_C_LANGUAGE_STANDARD = gnu11;
				GCC_NO_COMMON_BLOCKS = YES;
				GCC_WARN_64_TO_32_BIT_CONVERSION = YES;
				GCC_WARN_ABOUT_RETURN_TYPE = YES_ERROR;
				GCC_WARN_UNDECLARED_SELECTOR = YES;
				GCC_WARN_UNINITIALIZED_AUTOS = YES_AGGRESSIVE;
				GCC_WARN_UNUSED_FUNCTION = YES;
				GCC_WARN_UNUSED_VARIABLE = YES;
				IPHONEOS_DEPLOYMENT_TARGET = 11.0;
				MTL_ENABLE_DEBUG_INFO = NO;
				SDKROOT = iphoneos;
				SWIFT_OPTIMIZATION_LEVEL = "-Owholemodule";
				VALIDATE_PRODUCT = YES;
			};
			name = Release;
		};
		7AAD4F5F20AA621E0019733D /* Debug */ = {
			isa = XCBuildConfiguration;
			buildSettings = {
				ASSETCATALOG_COMPILER_APPICON_NAME = AppIcon;
				CODE_SIGN_STYLE = Automatic;
				INFOPLIST_FILE = YHSlider/Info.plist;
				LD_RUNPATH_SEARCH_PATHS = "$(inherited) @executable_path/Frameworks";
				PRODUCT_BUNDLE_IDENTIFIER = com.yuhua.YHSlider;
				PRODUCT_NAME = "$(TARGET_NAME)";
				SWIFT_VERSION = 4.0;
				TARGETED_DEVICE_FAMILY = "1,2";
			};
			name = Debug;
		};
		7AAD4F6020AA621E0019733D /* Release */ = {
			isa = XCBuildConfiguration;
			buildSettings = {
				ASSETCATALOG_COMPILER_APPICON_NAME = AppIcon;
				CODE_SIGN_STYLE = Automatic;
				INFOPLIST_FILE = YHSlider/Info.plist;
				LD_RUNPATH_SEARCH_PATHS = "$(inherited) @executable_path/Frameworks";
				PRODUCT_BUNDLE_IDENTIFIER = com.yuhua.YHSlider;
				PRODUCT_NAME = "$(TARGET_NAME)";
				SWIFT_VERSION = 4.0;
				TARGETED_DEVICE_FAMILY = "1,2";
			};
			name = Release;
		};
/* End XCBuildConfiguration section */

/* Begin XCConfigurationList section */
		7AAD4F4720AA621C0019733D /* Build configuration list for PBXProject "YHSlider" */ = {
			isa = XCConfigurationList;
			buildConfigurations = (
				7AAD4F5C20AA621E0019733D /* Debug */,
				7AAD4F5D20AA621E0019733D /* Release */,
			);
			defaultConfigurationIsVisible = 0;
			defaultConfigurationName = Release;
		};
		7AAD4F5E20AA621E0019733D /* Build configuration list for PBXNativeTarget "YHSlider" */ = {
			isa = XCConfigurationList;
			buildConfigurations = (
				7AAD4F5F20AA621E0019733D /* Debug */,
				7AAD4F6020AA621E0019733D /* Release */,
			);
			defaultConfigurationIsVisible = 0;
			defaultConfigurationName = Release;
		};
/* End XCConfigurationList section */
	};
	rootObject = 7AAD4F4420AA621C0019733D /* Project object */;
}
